// !$*UTF8*$!
{
	archiveVersion = 1;
	classes = {
	};
	objectVersion = 55;
	objects = {

/* Begin PBXBuildFile section */
		FC0B134C2812EDE800F49AD7 /* AppDelegate.swift in Sources */ = {isa = PBXBuildFile; fileRef = FC0B134B2812EDE800F49AD7 /* AppDelegate.swift */; };
		FC0B134E2812EDE800F49AD7 /* SceneDelegate.swift in Sources */ = {isa = PBXBuildFile; fileRef = FC0B134D2812EDE800F49AD7 /* SceneDelegate.swift */; };
		FC0B13502812EDE800F49AD7 /* ViewController.swift in Sources */ = {isa = PBXBuildFile; fileRef = FC0B134F2812EDE800F49AD7 /* ViewController.swift */; };
		FC0B13532812EDE800F49AD7 /* Main.storyboard in Resources */ = {isa = PBXBuildFile; fileRef = FC0B13512812EDE800F49AD7 /* Main.storyboard */; };
		FC0B13562812EDE800F49AD7 /* Animation.xcdatamodeld in Sources */ = {isa = PBXBuildFile; fileRef = FC0B13542812EDE800F49AD7 /* Animation.xcdatamodeld */; };
		FC0B13582812EDE900F49AD7 /* Assets.xcassets in Resources */ = {isa = PBXBuildFile; fileRef = FC0B13572812EDE900F49AD7 /* Assets.xcassets */; };
		FC0B135B2812EDE900F49AD7 /* LaunchScreen.storyboard in Resources */ = {isa = PBXBuildFile; fileRef = FC0B13592812EDE900F49AD7 /* LaunchScreen.storyboard */; };
		FC0B13662812EDEA00F49AD7 /* AnimationTests.swift in Sources */ = {isa = PBXBuildFile; fileRef = FC0B13652812EDEA00F49AD7 /* AnimationTests.swift */; };
		FC0B13702812EDEA00F49AD7 /* AnimationUITests.swift in Sources */ = {isa = PBXBuildFile; fileRef = FC0B136F2812EDEA00F49AD7 /* AnimationUITests.swift */; };
		FC0B13722812EDEA00F49AD7 /* AnimationUITestsLaunchTests.swift in Sources */ = {isa = PBXBuildFile; fileRef = FC0B13712812EDEA00F49AD7 /* AnimationUITestsLaunchTests.swift */; };
/* End PBXBuildFile section */

/* Begin PBXContainerItemProxy section */
		FC0B13622812EDEA00F49AD7 /* PBXContainerItemProxy */ = {
			isa = PBXContainerItemProxy;
			containerPortal = FC0B13402812EDE700F49AD7 /* Project object */;
			proxyType = 1;
			remoteGlobalIDString = FC0B13472812EDE700F49AD7;
			remoteInfo = Animation;
		};
		FC0B136C2812EDEA00F49AD7 /* PBXContainerItemProxy */ = {
			isa = PBXContainerItemProxy;
			containerPortal = FC0B13402812EDE700F49AD7 /* Project object */;
			proxyType = 1;
			remoteGlobalIDString = FC0B13472812EDE700F49AD7;
			remoteInfo = Animation;
		};
/* End PBXContainerItemProxy section */

/* Begin PBXFileReference section */
		FC0B13482812EDE800F49AD7 /* Animation.app */ = {isa = PBXFileReference; explicitFileType = wrapper.application; includeInIndex = 0; path = Animation.app; sourceTree = BUILT_PRODUCTS_DIR; };
		FC0B134B2812EDE800F49AD7 /* AppDelegate.swift */ = {isa = PBXFileReference; lastKnownFileType = sourcecode.swift; path = AppDelegate.swift; sourceTree = "<group>"; };
		FC0B134D2812EDE800F49AD7 /* SceneDelegate.swift */ = {isa = PBXFileReference; lastKnownFileType = sourcecode.swift; path = SceneDelegate.swift; sourceTree = "<group>"; };
		FC0B134F2812EDE800F49AD7 /* ViewController.swift */ = {isa = PBXFileReference; lastKnownFileType = sourcecode.swift; path = ViewController.swift; sourceTree = "<group>"; };
		FC0B13522812EDE800F49AD7 /* Base */ = {isa = PBXFileReference; lastKnownFileType = file.storyboard; name = Base; path = Base.lproj/Main.storyboard; sourceTree = "<group>"; };
		FC0B13552812EDE800F49AD7 /* Animation.xcdatamodel */ = {isa = PBXFileReference; lastKnownFileType = wrapper.xcdatamodel; path = Animation.xcdatamodel; sourceTree = "<group>"; };
		FC0B13572812EDE900F49AD7 /* Assets.xcassets */ = {isa = PBXFileReference; lastKnownFileType = folder.assetcatalog; path = Assets.xcassets; sourceTree = "<group>"; };
		FC0B135A2812EDE900F49AD7 /* Base */ = {isa = PBXFileReference; lastKnownFileType = file.storyboard; name = Base; path = Base.lproj/LaunchScreen.storyboard; sourceTree = "<group>"; };
		FC0B135C2812EDE900F49AD7 /* Info.plist */ = {isa = PBXFileReference; lastKnownFileType = text.plist.xml; path = Info.plist; sourceTree = "<group>"; };
		FC0B13612812EDEA00F49AD7 /* AnimationTests.xctest */ = {isa = PBXFileReference; explicitFileType = wrapper.cfbundle; includeInIndex = 0; path = AnimationTests.xctest; sourceTree = BUILT_PRODUCTS_DIR; };
		FC0B13652812EDEA00F49AD7 /* AnimationTests.swift */ = {isa = PBXFileReference; lastKnownFileType = sourcecode.swift; path = AnimationTests.swift; sourceTree = "<group>"; };
		FC0B136B2812EDEA00F49AD7 /* AnimationUITests.xctest */ = {isa = PBXFileReference; explicitFileType = wrapper.cfbundle; includeInIndex = 0; path = AnimationUITests.xctest; sourceTree = BUILT_PRODUCTS_DIR; };
		FC0B136F2812EDEA00F49AD7 /* AnimationUITests.swift */ = {isa = PBXFileReference; lastKnownFileType = sourcecode.swift; path = AnimationUITests.swift; sourceTree = "<group>"; };
		FC0B13712812EDEA00F49AD7 /* AnimationUITestsLaunchTests.swift */ = {isa = PBXFileReference; lastKnownFileType = sourcecode.swift; path = AnimationUITestsLaunchTests.swift; sourceTree = "<group>"; };
/* End PBXFileReference section */

/* Begin PBXFrameworksBuildPhase section */
		FC0B13452812EDE700F49AD7 /* Frameworks */ = {
			isa = PBXFrameworksBuildPhase;
			buildActionMask = 2147483647;
			files = (
			);
			runOnlyForDeploymentPostprocessing = 0;
		};
		FC0B135E2812EDEA00F49AD7 /* Frameworks */ = {
			isa = PBXFrameworksBuildPhase;
			buildActionMask = 2147483647;
			files = (
			);
			runOnlyForDeploymentPostprocessing = 0;
		};
		FC0B13682812EDEA00F49AD7 /* Frameworks */ = {
			isa = PBXFrameworksBuildPhase;
			buildActionMask = 2147483647;
			files = (
			);
			runOnlyForDeploymentPostprocessing = 0;
		};
/* End PBXFrameworksBuildPhase section */

/* Begin PBXGroup section */
		FC0B133F2812EDE700F49AD7 = {
			isa = PBXGroup;
			children = (
				FC0B134A2812EDE800F49AD7 /* Animation */,
				FC0B13642812EDEA00F49AD7 /* AnimationTests */,
				FC0B136E2812EDEA00F49AD7 /* AnimationUITests */,
				FC0B13492812EDE800F49AD7 /* Products */,
			);
			sourceTree = "<group>";
		};
		FC0B13492812EDE800F49AD7 /* Products */ = {
			isa = PBXGroup;
			children = (
				FC0B13482812EDE800F49AD7 /* Animation.app */,
				FC0B13612812EDEA00F49AD7 /* AnimationTests.xctest */,
				FC0B136B2812EDEA00F49AD7 /* AnimationUITests.xctest */,
			);
			name = Products;
			sourceTree = "<group>";
		};
		FC0B134A2812EDE800F49AD7 /* Animation */ = {
			isa = PBXGroup;
			children = (
				FC0B134B2812EDE800F49AD7 /* AppDelegate.swift */,
				FC0B134D2812EDE800F49AD7 /* SceneDelegate.swift */,
				FC0B134F2812EDE800F49AD7 /* ViewController.swift */,
				FC0B13512812EDE800F49AD7 /* Main.storyboard */,
				FC0B13572812EDE900F49AD7 /* Assets.xcassets */,
				FC0B13592812EDE900F49AD7 /* LaunchScreen.storyboard */,
				FC0B135C2812EDE900F49AD7 /* Info.plist */,
				FC0B13542812EDE800F49AD7 /* Animation.xcdatamodeld */,
			);
			path = Animation;
			sourceTree = "<group>";
		};
		FC0B13642812EDEA00F49AD7 /* AnimationTests */ = {
			isa = PBXGroup;
			children = (
				FC0B13652812EDEA00F49AD7 /* AnimationTests.swift */,
			);
			path = AnimationTests;
			sourceTree = "<group>";
		};
		FC0B136E2812EDEA00F49AD7 /* AnimationUITests */ = {
			isa = PBXGroup;
			children = (
				FC0B136F2812EDEA00F49AD7 /* AnimationUITests.swift */,
				FC0B13712812EDEA00F49AD7 /* AnimationUITestsLaunchTests.swift */,
			);
			path = AnimationUITests;
			sourceTree = "<group>";
		};
/* End PBXGroup section */

/* Begin PBXNativeTarget section */
		FC0B13472812EDE700F49AD7 /* Animation */ = {
			isa = PBXNativeTarget;
			buildConfigurationList = FC0B13752812EDEA00F49AD7 /* Build configuration list for PBXNativeTarget "Animation" */;
			buildPhases = (
				FC0B13442812EDE700F49AD7 /* Sources */,
				FC0B13452812EDE700F49AD7 /* Frameworks */,
				FC0B13462812EDE700F49AD7 /* Resources */,
			);
			buildRules = (
			);
			dependencies = (
			);
			name = Animation;
			productName = Animation;
			productReference = FC0B13482812EDE800F49AD7 /* Animation.app */;
			productType = "com.apple.product-type.application";
		};
		FC0B13602812EDEA00F49AD7 /* AnimationTests */ = {
			isa = PBXNativeTarget;
			buildConfigurationList = FC0B13782812EDEA00F49AD7 /* Build configuration list for PBXNativeTarget "AnimationTests" */;
			buildPhases = (
				FC0B135D2812EDEA00F49AD7 /* Sources */,
				FC0B135E2812EDEA00F49AD7 /* Frameworks */,
				FC0B135F2812EDEA00F49AD7 /* Resources */,
			);
			buildRules = (
			);
			dependencies = (
				FC0B13632812EDEA00F49AD7 /* PBXTargetDependency */,
			);
			name = AnimationTests;
			productName = AnimationTests;
			productReference = FC0B13612812EDEA00F49AD7 /* AnimationTests.xctest */;
			productType = "com.apple.product-type.bundle.unit-test";
		};
		FC0B136A2812EDEA00F49AD7 /* AnimationUITests */ = {
			isa = PBXNativeTarget;
			buildConfigurationList = FC0B137B2812EDEA00F49AD7 /* Build configuration list for PBXNativeTarget "AnimationUITests" */;
			buildPhases = (
				FC0B13672812EDEA00F49AD7 /* Sources */,
				FC0B13682812EDEA00F49AD7 /* Frameworks */,
				FC0B13692812EDEA00F49AD7 /* Resources */,
			);
			buildRules = (
			);
			dependencies = (
				FC0B136D2812EDEA00F49AD7 /* PBXTargetDependency */,
			);
			name = AnimationUITests;
			productName = AnimationUITests;
			productReference = FC0B136B2812EDEA00F49AD7 /* AnimationUITests.xctest */;
			productType = "com.apple.product-type.bundle.ui-testing";
		};
/* End PBXNativeTarget section */

/* Begin PBXProject section */
		FC0B13402812EDE700F49AD7 /* Project object */ = {
			isa = PBXProject;
			attributes = {
				BuildIndependentTargetsInParallel = 1;
				LastSwiftUpdateCheck = 1320;
				LastUpgradeCheck = 1320;
				TargetAttributes = {
					FC0B13472812EDE700F49AD7 = {
						CreatedOnToolsVersion = 13.2.1;
					};
					FC0B13602812EDEA00F49AD7 = {
						CreatedOnToolsVersion = 13.2.1;
						TestTargetID = FC0B13472812EDE700F49AD7;
					};
					FC0B136A2812EDEA00F49AD7 = {
						CreatedOnToolsVersion = 13.2.1;
						TestTargetID = FC0B13472812EDE700F49AD7;
					};
				};
			};
			buildConfigurationList = FC0B13432812EDE700F49AD7 /* Build configuration list for PBXProject "Animation" */;
			compatibilityVersion = "Xcode 13.0";
			developmentRegion = en;
			hasScannedForEncodings = 0;
			knownRegions = (
				en,
				Base,
			);
			mainGroup = FC0B133F2812EDE700F49AD7;
			productRefGroup = FC0B13492812EDE800F49AD7 /* Products */;
			projectDirPath = "";
			projectRoot = "";
			targets = (
				FC0B13472812EDE700F49AD7 /* Animation */,
				FC0B13602812EDEA00F49AD7 /* AnimationTests */,
				FC0B136A2812EDEA00F49AD7 /* AnimationUITests */,
			);
		};
/* End PBXProject section */

/* Begin PBXResourcesBuildPhase section */
		FC0B13462812EDE700F49AD7 /* Resources */ = {
			isa = PBXResourcesBuildPhase;
			buildActionMask = 2147483647;
			files = (
				FC0B135B2812EDE900F49AD7 /* LaunchScreen.storyboard in Resources */,
				FC0B13582812EDE900F49AD7 /* Assets.xcassets in Resources */,
				FC0B13532812EDE800F49AD7 /* Main.storyboard in Resources */,
			);
			runOnlyForDeploymentPostprocessing = 0;
		};
		FC0B135F2812EDEA00F49AD7 /* Resources */ = {
			isa = PBXResourcesBuildPhase;
			buildActionMask = 2147483647;
			files = (
			);
			runOnlyForDeploymentPostprocessing = 0;
		};
		FC0B13692812EDEA00F49AD7 /* Resources */ = {
			isa = PBXResourcesBuildPhase;
			buildActionMask = 2147483647;
			files = (
			);
			runOnlyForDeploymentPostprocessing = 0;
		};
/* End PBXResourcesBuildPhase section */

/* Begin PBXSourcesBuildPhase section */
		FC0B13442812EDE700F49AD7 /* Sources */ = {
			isa = PBXSourcesBuildPhase;
			buildActionMask = 2147483647;
			files = (
				FC0B13502812EDE800F49AD7 /* ViewController.swift in Sources */,
				FC0B134C2812EDE800F49AD7 /* AppDelegate.swift in Sources */,
				FC0B13562812EDE800F49AD7 /* Animation.xcdatamodeld in Sources */,
				FC0B134E2812EDE800F49AD7 /* SceneDelegate.swift in Sources */,
			);
			runOnlyForDeploymentPostprocessing = 0;
		};
		FC0B135D2812EDEA00F49AD7 /* Sources */ = {
			isa = PBXSourcesBuildPhase;
			buildActionMask = 2147483647;
			files = (
				FC0B13662812EDEA00F49AD7 /* AnimationTests.swift in Sources */,
			);
			runOnlyForDeploymentPostprocessing = 0;
		};
		FC0B13672812EDEA00F49AD7 /* Sources */ = {
			isa = PBXSourcesBuildPhase;
			buildActionMask = 2147483647;
			files = (
				FC0B13702812EDEA00F49AD7 /* AnimationUITests.swift in Sources */,
				FC0B13722812EDEA00F49AD7 /* AnimationUITestsLaunchTests.swift in Sources */,
			);
			runOnlyForDeploymentPostprocessing = 0;
		};
/* End PBXSourcesBuildPhase section */

/* Begin PBXTargetDependency section */
		FC0B13632812EDEA00F49AD7 /* PBXTargetDependency */ = {
			isa = PBXTargetDependency;
			target = FC0B13472812EDE700F49AD7 /* Animation */;
			targetProxy = FC0B13622812EDEA00F49AD7 /* PBXContainerItemProxy */;
		};
		FC0B136D2812EDEA00F49AD7 /* PBXTargetDependency */ = {
			isa = PBXTargetDependency;
			target = FC0B13472812EDE700F49AD7 /* Animation */;
			targetProxy = FC0B136C2812EDEA00F49AD7 /* PBXContainerItemProxy */;
		};
/* End PBXTargetDependency section */

/* Begin PBXVariantGroup section */
		FC0B13512812EDE800F49AD7 /* Main.storyboard */ = {
			isa = PBXVariantGroup;
			children = (
				FC0B13522812EDE800F49AD7 /* Base */,
			);
			name = Main.storyboard;
			sourceTree = "<group>";
		};
		FC0B13592812EDE900F49AD7 /* LaunchScreen.storyboard */ = {
			isa = PBXVariantGroup;
			children = (
				FC0B135A2812EDE900F49AD7 /* Base */,
			);
			name = LaunchScreen.storyboard;
			sourceTree = "<group>";
		};
/* End PBXVariantGroup section */

/* Begin XCBuildConfiguration section */
		FC0B13732812EDEA00F49AD7 /* Debug */ = {
			isa = XCBuildConfiguration;
			buildSettings = {
				ALWAYS_SEARCH_USER_PATHS = NO;
				CLANG_ANALYZER_NONNULL = YES;
				CLANG_ANALYZER_NUMBER_OBJECT_CONVERSION = YES_AGGRESSIVE;
				CLANG_CXX_LANGUAGE_STANDARD = "gnu++17";
				CLANG_CXX_LIBRARY = "libc++";
				CLANG_ENABLE_MODULES = YES;
				CLANG_ENABLE_OBJC_ARC = YES;
				CLANG_ENABLE_OBJC_WEAK = YES;
				CLANG_WARN_BLOCK_CAPTURE_AUTORELEASING = YES;
				CLANG_WARN_BOOL_CONVERSION = YES;
				CLANG_WARN_COMMA = YES;
				CLANG_WARN_CONSTANT_CONVERSION = YES;
				CLANG_WARN_DEPRECATED_OBJC_IMPLEMENTATIONS = YES;
				CLANG_WARN_DIRECT_OBJC_ISA_USAGE = YES_ERROR;
				CLANG_WARN_DOCUMENTATION_COMMENTS = YES;
				CLANG_WARN_EMPTY_BODY = YES;
				CLANG_WARN_ENUM_CONVERSION = YES;
				CLANG_WARN_INFINITE_RECURSION = YES;
				CLANG_WARN_INT_CONVERSION = YES;
				CLANG_WARN_NON_LITERAL_NULL_CONVERSION = YES;
				CLANG_WARN_OBJC_IMPLICIT_RETAIN_SELF = YES;
				CLANG_WARN_OBJC_LITERAL_CONVERSION = YES;
				CLANG_WARN_OBJC_ROOT_CLASS = YES_ERROR;
				CLANG_WARN_QUOTED_INCLUDE_IN_FRAMEWORK_HEADER = YES;
				CLANG_WARN_RANGE_LOOP_ANALYSIS = YES;
				CLANG_WARN_STRICT_PROTOTYPES = YES;
				CLANG_WARN_SUSPICIOUS_MOVE = YES;
				CLANG_WARN_UNGUARDED_AVAILABILITY = YES_AGGRESSIVE;
				CLANG_WARN_UNREACHABLE_CODE = YES;
				CLANG_WARN__DUPLICATE_METHOD_MATCH = YES;
				COPY_PHASE_STRIP = NO;
				DEBUG_INFORMATION_FORMAT = dwarf;
				ENABLE_STRICT_OBJC_MSGSEND = YES;
				ENABLE_TESTABILITY = YES;
				GCC_C_LANGUAGE_STANDARD = gnu11;
				GCC_DYNAMIC_NO_PIC = NO;
				GCC_NO_COMMON_BLOCKS = YES;
				GCC_OPTIMIZATION_LEVEL = 0;
				GCC_PREPROCESSOR_DEFINITIONS = (
					"DEBUG=1",
					"$(inherited)",
				);
				GCC_WARN_64_TO_32_BIT_CONVERSION = YES;
				GCC_WARN_ABOUT_RETURN_TYPE = YES_ERROR;
				GCC_WARN_UNDECLARED_SELECTOR = YES;
				GCC_WARN_UNINITIALIZED_AUTOS = YES_AGGRESSIVE;
				GCC_WARN_UNUSED_FUNCTION = YES;
				GCC_WARN_UNUSED_VARIABLE = YES;
				IPHONEOS_DEPLOYMENT_TARGET = 15.2;
				MTL_ENABLE_DEBUG_INFO = INCLUDE_SOURCE;
				MTL_FAST_MATH = YES;
				ONLY_ACTIVE_ARCH = YES;
				SDKROOT = iphoneos;
				SWIFT_ACTIVE_COMPILATION_CONDITIONS = DEBUG;
				SWIFT_OPTIMIZATION_LEVEL = "-Onone";
			};
			name = Debug;
		};
		FC0B13742812EDEA00F49AD7 /* Release */ = {
			isa = XCBuildConfiguration;
			buildSettings = {
				ALWAYS_SEARCH_USER_PATHS = NO;
				CLANG_ANALYZER_NONNULL = YES;
				CLANG_ANALYZER_NUMBER_OBJECT_CONVERSION = YES_AGGRESSIVE;
				CLANG_CXX_LANGUAGE_STANDARD = "gnu++17";
				CLANG_CXX_LIBRARY = "libc++";
				CLANG_ENABLE_MODULES = YES;
				CLANG_ENABLE_OBJC_ARC = YES;
				CLANG_ENABLE_OBJC_WEAK = YES;
				CLANG_WARN_BLOCK_CAPTURE_AUTORELEASING = YES;
				CLANG_WARN_BOOL_CONVERSION = YES;
				CLANG_WARN_COMMA = YES;
				CLANG_WARN_CONSTANT_CONVERSION = YES;
				CLANG_WARN_DEPRECATED_OBJC_IMPLEMENTATIONS = YES;
				CLANG_WARN_DIRECT_OBJC_ISA_USAGE = YES_ERROR;
				CLANG_WARN_DOCUMENTATION_COMMENTS = YES;
				CLANG_WARN_EMPTY_BODY = YES;
				CLANG_WARN_ENUM_CONVERSION = YES;
				CLANG_WARN_INFINITE_RECURSION = YES;
				CLANG_WARN_INT_CONVERSION = YES;
				CLANG_WARN_NON_LITERAL_NULL_CONVERSION = YES;
				CLANG_WARN_OBJC_IMPLICIT_RETAIN_SELF = YES;
				CLANG_WARN_OBJC_LITERAL_CONVERSION = YES;
				CLANG_WARN_OBJC_ROOT_CLASS = YES_ERROR;
				CLANG_WARN_QUOTED_INCLUDE_IN_FRAMEWORK_HEADER = YES;
				CLANG_WARN_RANGE_LOOP_ANALYSIS = YES;
				CLANG_WARN_STRICT_PROTOTYPES = YES;
				CLANG_WARN_SUSPICIOUS_MOVE = YES;
				CLANG_WARN_UNGUARDED_AVAILABILITY = YES_AGGRESSIVE;
				CLANG_WARN_UNREACHABLE_CODE = YES;
				CLANG_WARN__DUPLICATE_METHOD_MATCH = YES;
				COPY_PHASE_STRIP = NO;
				DEBUG_INFORMATION_FORMAT = "dwarf-with-dsym";
				ENABLE_NS_ASSERTIONS = NO;
				ENABLE_STRICT_OBJC_MSGSEND = YES;
				GCC_C_LANGUAGE_STANDARD = gnu11;
				GCC_NO_COMMON_BLOCKS = YES;
				GCC_WARN_64_TO_32_BIT_CONVERSION = YES;
				GCC_WARN_ABOUT_RETURN_TYPE = YES_ERROR;
				GCC_WARN_UNDECLARED_SELECTOR = YES;
				GCC_WARN_UNINITIALIZED_AUTOS = YES_AGGRESSIVE;
				GCC_WARN_UNUSED_FUNCTION = YES;
				GCC_WARN_UNUSED_VARIABLE = YES;
				IPHONEOS_DEPLOYMENT_TARGET = 15.2;
				MTL_ENABLE_DEBUG_INFO = NO;
				MTL_FAST_MATH = YES;
				SDKROOT = iphoneos;
				SWIFT_COMPILATION_MODE = wholemodule;
				SWIFT_OPTIMIZATION_LEVEL = "-O";
				VALIDATE_PRODUCT = YES;
			};
			name = Release;
		};
		FC0B13762812EDEA00F49AD7 /* Debug */ = {
			isa = XCBuildConfiguration;
			buildSettings = {
				ASSETCATALOG_COMPILER_APPICON_NAME = AppIcon;
				ASSETCATALOG_COMPILER_GLOBAL_ACCENT_COLOR_NAME = AccentColor;
				CODE_SIGN_STYLE = Automatic;
				CURRENT_PROJECT_VERSION = 1;
				GENERATE_INFOPLIST_FILE = YES;
				INFOPLIST_FILE = Animation/Info.plist;
				INFOPLIST_KEY_UIApplicationSupportsIndirectInputEvents = YES;
				INFOPLIST_KEY_UILaunchStoryboardName = LaunchScreen;
				INFOPLIST_KEY_UIMainStoryboardFile = Main;
				INFOPLIST_KEY_UISupportedInterfaceOrientations_iPad = "UIInterfaceOrientationPortrait UIInterfaceOrientationPortraitUpsideDown UIInterfaceOrientationLandscapeLeft UIInterfaceOrientationLandscapeRight";
				INFOPLIST_KEY_UISupportedInterfaceOrientations_iPhone = "UIInterfaceOrientationPortrait UIInterfaceOrientationLandscapeLeft UIInterfaceOrientationLandscapeRight";
				LD_RUNPATH_SEARCH_PATHS = (
					"$(inherited)",
					"@executable_path/Frameworks",
				);
				MARKETING_VERSION = 1.0;
				PRODUCT_BUNDLE_IDENTIFIER = Donia.Animation;
				PRODUCT_NAME = "$(TARGET_NAME)";
				SWIFT_EMIT_LOC_STRINGS = YES;
				SWIFT_VERSION = 5.0;
				TARGETED_DEVICE_FAMILY = "1,2";
			};
			name = Debug;
		};
		FC0B13772812EDEA00F49AD7 /* Release */ = {
			isa = XCBuildConfiguration;
			buildSettings = {
				ASSETCATALOG_COMPILER_APPICON_NAME = AppIcon;
				ASSETCATALOG_COMPILER_GLOBAL_ACCENT_COLOR_NAME = AccentColor;
				CODE_SIGN_STYLE = Automatic;
				CURRENT_PROJECT_VERSION = 1;
				GENERATE_INFOPLIST_FILE = YES;
				INFOPLIST_FILE = Animation/Info.plist;
				INFOPLIST_KEY_UIApplicationSupportsIndirectInputEvents = YES;
				INFOPLIST_KEY_UILaunchStoryboardName = LaunchScreen;
				INFOPLIST_KEY_UIMainStoryboardFile = Main;
				INFOPLIST_KEY_UISupportedInterfaceOrientations_iPad = "UIInterfaceOrientationPortrait UIInterfaceOrientationPortraitUpsideDown UIInterfaceOrientationLandscapeLeft UIInterfaceOrientationLandscapeRight";
				INFOPLIST_KEY_UISupportedInterfaceOrientations_iPhone = "UIInterfaceOrientationPortrait UIInterfaceOrientationLandscapeLeft UIInterfaceOrientationLandscapeRight";
				LD_RUNPATH_SEARCH_PATHS = (
					"$(inherited)",
					"@executable_path/Frameworks",
				);
				MARKETING_VERSION = 1.0;
				PRODUCT_BUNDLE_IDENTIFIER = Donia.Animation;
				PRODUCT_NAME = "$(TARGET_NAME)";
				SWIFT_EMIT_LOC_STRINGS = YES;
				SWIFT_VERSION = 5.0;
				TARGETED_DEVICE_FAMILY = "1,2";
			};
			name = Release;
		};
		FC0B13792812EDEA00F49AD7 /* Debug */ = {
			isa = XCBuildConfiguration;
			buildSettings = {
				ALWAYS_EMBED_SWIFT_STANDARD_LIBRARIES = YES;
				BUNDLE_LOADER = "$(TEST_HOST)";
				CODE_SIGN_STYLE = Automatic;
				CURRENT_PROJECT_VERSION = 1;
				GENERATE_INFOPLIST_FILE = YES;
				IPHONEOS_DEPLOYMENT_TARGET = 15.2;
				MARKETING_VERSION = 1.0;
				PRODUCT_BUNDLE_IDENTIFIER = Donia.AnimationTests;
				PRODUCT_NAME = "$(TARGET_NAME)";
				SWIFT_EMIT_LOC_STRINGS = NO;
				SWIFT_VERSION = 5.0;
				TARGETED_DEVICE_FAMILY = "1,2";
				TEST_HOST = "$(BUILT_PRODUCTS_DIR)/Animation.app/Animation";
			};
			name = Debug;
		};
		FC0B137A2812EDEA00F49AD7 /* Release */ = {
			isa = XCBuildConfiguration;
			buildSettings = {
				ALWAYS_EMBED_SWIFT_STANDARD_LIBRARIES = YES;
				BUNDLE_LOADER = "$(TEST_HOST)";
				CODE_SIGN_STYLE = Automatic;
				CURRENT_PROJECT_VERSION = 1;
				GENERATE_INFOPLIST_FILE = YES;
				IPHONEOS_DEPLOYMENT_TARGET = 15.2;
				MARKETING_VERSION = 1.0;
				PRODUCT_BUNDLE_IDENTIFIER = Donia.AnimationTests;
				PRODUCT_NAME = "$(TARGET_NAME)";
				SWIFT_EMIT_LOC_STRINGS = NO;
				SWIFT_VERSION = 5.0;
				TARGETED_DEVICE_FAMILY = "1,2";
				TEST_HOST = "$(BUILT_PRODUCTS_DIR)/Animation.app/Animation";
			};
			name = Release;
		};
		FC0B137C2812EDEA00F49AD7 /* Debug */ = {
			isa = XCBuildConfiguration;
			buildSettings = {
				ALWAYS_EMBED_SWIFT_STANDARD_LIBRARIES = YES;
				CODE_SIGN_STYLE = Automatic;
				CURRENT_PROJECT_VERSION = 1;
				GENERATE_INFOPLIST_FILE = YES;
				MARKETING_VERSION = 1.0;
				PRODUCT_BUNDLE_IDENTIFIER = Donia.AnimationUITests;
				PRODUCT_NAME = "$(TARGET_NAME)";
				SWIFT_EMIT_LOC_STRINGS = NO;
				SWIFT_VERSION = 5.0;
				TARGETED_DEVICE_FAMILY = "1,2";
				TEST_TARGET_NAME = Animation;
			};
			name = Debug;
		};
		FC0B137D2812EDEA00F49AD7 /* Release */ = {
			isa = XCBuildConfiguration;
			buildSettings = {
				ALWAYS_EMBED_SWIFT_STANDARD_LIBRARIES = YES;
				CODE_SIGN_STYLE = Automatic;
				CURRENT_PROJECT_VERSION = 1;
				GENERATE_INFOPLIST_FILE = YES;
				MARKETING_VERSION = 1.0;
				PRODUCT_BUNDLE_IDENTIFIER = Donia.AnimationUITests;
				PRODUCT_NAME = "$(TARGET_NAME)";
				SWIFT_EMIT_LOC_STRINGS = NO;
				SWIFT_VERSION = 5.0;
				TARGETED_DEVICE_FAMILY = "1,2";
				TEST_TARGET_NAME = Animation;
			};
			name = Release;
		};
/* End XCBuildConfiguration section */

/* Begin XCConfigurationList section */
		FC0B13432812EDE700F49AD7 /* Build configuration list for PBXProject "Animation" */ = {
			isa = XCConfigurationList;
			buildConfigurations = (
				FC0B13732812EDEA00F49AD7 /* Debug */,
				FC0B13742812EDEA00F49AD7 /* Release */,
			);
			defaultConfigurationIsVisible = 0;
			defaultConfigurationName = Release;
		};
		FC0B13752812EDEA00F49AD7 /* Build configuration list for PBXNativeTarget "Animation" */ = {
			isa = XCConfigurationList;
			buildConfigurations = (
				FC0B13762812EDEA00F49AD7 /* Debug */,
				FC0B13772812EDEA00F49AD7 /* Release */,
			);
			defaultConfigurationIsVisible = 0;
			defaultConfigurationName = Release;
		};
		FC0B13782812EDEA00F49AD7 /* Build configuration list for PBXNativeTarget "AnimationTests" */ = {
			isa = XCConfigurationList;
			buildConfigurations = (
				FC0B13792812EDEA00F49AD7 /* Debug */,
				FC0B137A2812EDEA00F49AD7 /* Release */,
			);
			defaultConfigurationIsVisible = 0;
			defaultConfigurationName = Release;
		};
		FC0B137B2812EDEA00F49AD7 /* Build configuration list for PBXNativeTarget "AnimationUITests" */ = {
			isa = XCConfigurationList;
			buildConfigurations = (
				FC0B137C2812EDEA00F49AD7 /* Debug */,
				FC0B137D2812EDEA00F49AD7 /* Release */,
			);
			defaultConfigurationIsVisible = 0;
			defaultConfigurationName = Release;
		};
/* End XCConfigurationList section */

/* Begin XCVersionGroup section */
		FC0B13542812EDE800F49AD7 /* Animation.xcdatamodeld */ = {
			isa = XCVersionGroup;
			children = (
				FC0B13552812EDE800F49AD7 /* Animation.xcdatamodel */,
			);
			currentVersion = FC0B13552812EDE800F49AD7 /* Animation.xcdatamodel */;
			path = Animation.xcdatamodeld;
			sourceTree = "<group>";
			versionGroupType = wrapper.xcdatamodel;
		};
/* End XCVersionGroup section */
	};
	rootObject = FC0B13402812EDE700F49AD7 /* Project object */;
}
